
Microsoft Visual Studio Solution File, Format Version 12.00
# Visual Studio Version 17
VisualStudioVersion = 17.1.32228.430
MinimumVisualStudioVersion = 10.0.40219.1
Project("{FAE04EC0-301F-11D3-BF4B-00C04F79EFBC}") = "Viktor", "Viktor.csproj", "{98EF5C4E-0975-4B8F-A111-69C129219252}"
EndProject
Global
	GlobalSection(SolutionConfigurationPlatforms) = preSolution
		Debug|Any CPU = Debug|Any CPU
		Release|Any CPU = Release|Any CPU
	EndGlobalSection
	GlobalSection(ProjectConfigurationPlatforms) = postSolution
		{98EF5C4E-0975-4B8F-A111-69C129219252}.Debug|Any CPU.ActiveCfg = Debug|Any CPU
		{98EF5C4E-0975-4B8F-A111-69C129219252}.Debug|Any CPU.Build.0 = Debug|Any CPU
		{98EF5C4E-0975-4B8F-A111-69C129219252}.Release|Any CPU.ActiveCfg = Release|Any CPU
		{98EF5C4E-0975-4B8F-A111-69C129219252}.Release|Any CPU.Build.0 = Release|Any CPU
	EndGlobalSection
	GlobalSection(SolutionProperties) = preSolution
		HideSolutionNode = FALSE
	EndGlobalSection
	GlobalSection(ExtensibilityGlobals) = postSolution
		SolutionGuid = {2B0DCD05-A09E-4F6E-9D89-8EF838866DB5}
	EndGlobalSection
EndGlobal
