
Microsoft Visual Studio Solution File, Format Version 12.00
# Visual Studio Version 17
VisualStudioVersion = 17.0.32014.148
MinimumVisualStudioVersion = 10.0.40219.1
Project("{FAE04EC0-301F-11D3-BF4B-00C04F79EFBC}") = "OriginOfChess", "OriginOfChess.csproj", "{7780C023-F1E8-4B13-8F37-FC2D0CFCEE20}"
EndProject
Global
	GlobalSection(SolutionConfigurationPlatforms) = preSolution
		Debug|Any CPU = Debug|Any CPU
		Release|Any CPU = Release|Any CPU
	EndGlobalSection
	GlobalSection(ProjectConfigurationPlatforms) = postSolution
		{7780C023-F1E8-4B13-8F37-FC2D0CFCEE20}.Debug|Any CPU.ActiveCfg = Debug|Any CPU
		{7780C023-F1E8-4B13-8F37-FC2D0CFCEE20}.Debug|Any CPU.Build.0 = Debug|Any CPU
		{7780C023-F1E8-4B13-8F37-FC2D0CFCEE20}.Release|Any CPU.ActiveCfg = Release|Any CPU
		{7780C023-F1E8-4B13-8F37-FC2D0CFCEE20}.Release|Any CPU.Build.0 = Release|Any CPU
	EndGlobalSection
	GlobalSection(SolutionProperties) = preSolution
		HideSolutionNode = FALSE
	EndGlobalSection
	GlobalSection(ExtensibilityGlobals) = postSolution
		SolutionGuid = {333C708F-8DB2-4CDC-BE9F-2BB3684CF731}
	EndGlobalSection
EndGlobal
